
Microsoft Visual Studio Solution File, Format Version 12.00
Project("{2150E333-8FDC-42A3-9474-1A3956D46DE8}") = "src", "src", "{E06C41FA-070A-4451-B7AB-678AB537C717}"
	ProjectSection(SolutionItems) = preProject
		ServerDockerfile = ServerDockerfile
		ClientDockerfile = ClientDockerfile
	EndProjectSection
EndProject
Project("{FAE04EC0-301F-11D3-BF4B-00C04F79EFBC}") = "GrpcDemo.Server", "src\GrpcDemo.Server\GrpcDemo.Server.csproj", "{EB1D5004-E8F6-4E57-9B38-6875EAB7A23B}"
EndProject
Project("{FAE04EC0-301F-11D3-BF4B-00C04F79EFBC}") = "GrpcDemo.Client", "src\GrpcDemo.Client\GrpcDemo.Client.csproj", "{0BFFE23D-D4E5-45C7-A865-24F29F0A4317}"
EndProject
Global
	GlobalSection(SolutionConfigurationPlatforms) = preSolution
		Debug|Any CPU = Debug|Any CPU
		Release|Any CPU = Release|Any CPU
	EndGlobalSection
	GlobalSection(NestedProjects) = preSolution
		{EB1D5004-E8F6-4E57-9B38-6875EAB7A23B} = {E06C41FA-070A-4451-B7AB-678AB537C717}
		{0BFFE23D-D4E5-45C7-A865-24F29F0A4317} = {E06C41FA-070A-4451-B7AB-678AB537C717}
	EndGlobalSection
	GlobalSection(ProjectConfigurationPlatforms) = postSolution
		{EB1D5004-E8F6-4E57-9B38-6875EAB7A23B}.Debug|Any CPU.ActiveCfg = Debug|Any CPU
		{EB1D5004-E8F6-4E57-9B38-6875EAB7A23B}.Debug|Any CPU.Build.0 = Debug|Any CPU
		{EB1D5004-E8F6-4E57-9B38-6875EAB7A23B}.Release|Any CPU.ActiveCfg = Release|Any CPU
		{EB1D5004-E8F6-4E57-9B38-6875EAB7A23B}.Release|Any CPU.Build.0 = Release|Any CPU
		{0BFFE23D-D4E5-45C7-A865-24F29F0A4317}.Debug|Any CPU.ActiveCfg = Debug|Any CPU
		{0BFFE23D-D4E5-45C7-A865-24F29F0A4317}.Debug|Any CPU.Build.0 = Debug|Any CPU
		{0BFFE23D-D4E5-45C7-A865-24F29F0A4317}.Release|Any CPU.ActiveCfg = Release|Any CPU
		{0BFFE23D-D4E5-45C7-A865-24F29F0A4317}.Release|Any CPU.Build.0 = Release|Any CPU
	EndGlobalSection
EndGlobal
